// !$*UTF8*$!
{
	archiveVersion = 1;
	classes = {
	};
	objectVersion = 55;
	objects = {

/* Begin PBXBuildFile section */
		233E1EA027721D2600A7CFCF /* VideoApp.swift in Sources */ = {isa = PBXBuildFile; fileRef = 233E1E9F27721D2600A7CFCF /* VideoApp.swift */; };
		233E1EA227721D2600A7CFCF /* LibraryView.swift in Sources */ = {isa = PBXBuildFile; fileRef = 233E1EA127721D2600A7CFCF /* LibraryView.swift */; };
		233E1EA427721D2700A7CFCF /* Assets.xcassets in Resources */ = {isa = PBXBuildFile; fileRef = 233E1EA327721D2700A7CFCF /* Assets.xcassets */; };
		233E1EA727721D2700A7CFCF /* Preview Assets.xcassets in Resources */ = {isa = PBXBuildFile; fileRef = 233E1EA627721D2700A7CFCF /* Preview Assets.xcassets */; };
		233E1EB1277221C800A7CFCF /* Video.swift in Sources */ = {isa = PBXBuildFile; fileRef = 233E1EB0277221C800A7CFCF /* Video.swift */; };
		233E1EB32772222B00A7CFCF /* VideoModel.swift in Sources */ = {isa = PBXBuildFile; fileRef = 233E1EB22772222B00A7CFCF /* VideoModel.swift */; };
		233E1EB527722E1600A7CFCF /* VideoView.swift in Sources */ = {isa = PBXBuildFile; fileRef = 233E1EB427722E1600A7CFCF /* VideoView.swift */; };
		233E1EB827722FCE00A7CFCF /* AVKit.framework in Frameworks */ = {isa = PBXBuildFile; fileRef = 233E1EB727722FCE00A7CFCF /* AVKit.framework */; };
/* End PBXBuildFile section */

/* Begin PBXFileReference section */
		233E1E9C27721D2600A7CFCF /* VideoApp.app */ = {isa = PBXFileReference; explicitFileType = wrapper.application; includeInIndex = 0; path = VideoApp.app; sourceTree = BUILT_PRODUCTS_DIR; };
		233E1E9F27721D2600A7CFCF /* VideoApp.swift */ = {isa = PBXFileReference; lastKnownFileType = sourcecode.swift; path = VideoApp.swift; sourceTree = "<group>"; };
		233E1EA127721D2600A7CFCF /* LibraryView.swift */ = {isa = PBXFileReference; lastKnownFileType = sourcecode.swift; path = LibraryView.swift; sourceTree = "<group>"; };
		233E1EA327721D2700A7CFCF /* Assets.xcassets */ = {isa = PBXFileReference; lastKnownFileType = folder.assetcatalog; path = Assets.xcassets; sourceTree = "<group>"; };
		233E1EA627721D2700A7CFCF /* Preview Assets.xcassets */ = {isa = PBXFileReference; lastKnownFileType = folder.assetcatalog; path = "Preview Assets.xcassets"; sourceTree = "<group>"; };
		233E1EB0277221C800A7CFCF /* Video.swift */ = {isa = PBXFileReference; lastKnownFileType = sourcecode.swift; path = Video.swift; sourceTree = "<group>"; };
		233E1EB22772222B00A7CFCF /* VideoModel.swift */ = {isa = PBXFileReference; lastKnownFileType = sourcecode.swift; path = VideoModel.swift; sourceTree = "<group>"; };
		233E1EB427722E1600A7CFCF /* VideoView.swift */ = {isa = PBXFileReference; lastKnownFileType = sourcecode.swift; path = VideoView.swift; sourceTree = "<group>"; };
		233E1EB727722FCE00A7CFCF /* AVKit.framework */ = {isa = PBXFileReference; lastKnownFileType = wrapper.framework; name = AVKit.framework; path = System/Library/Frameworks/AVKit.framework; sourceTree = SDKROOT; };
/* End PBXFileReference section */

/* Begin PBXFrameworksBuildPhase section */
		233E1E9927721D2600A7CFCF /* Frameworks */ = {
			isa = PBXFrameworksBuildPhase;
			buildActionMask = 2147483647;
			files = (
				233E1EB827722FCE00A7CFCF /* AVKit.framework in Frameworks */,
			);
			runOnlyForDeploymentPostprocessing = 0;
		};
/* End PBXFrameworksBuildPhase section */

/* Begin PBXGroup section */
		233E1E9327721D2500A7CFCF = {
			isa = PBXGroup;
			children = (
				233E1E9E27721D2600A7CFCF /* VideoApp */,
				233E1E9D27721D2600A7CFCF /* Products */,
				233E1EB627722FCE00A7CFCF /* Frameworks */,
			);
			sourceTree = "<group>";
		};
		233E1E9D27721D2600A7CFCF /* Products */ = {
			isa = PBXGroup;
			children = (
				233E1E9C27721D2600A7CFCF /* VideoApp.app */,
			);
			name = Products;
			sourceTree = "<group>";
		};
		233E1E9E27721D2600A7CFCF /* VideoApp */ = {
			isa = PBXGroup;
			children = (
				233E1E9F27721D2600A7CFCF /* VideoApp.swift */,
				233E1EAF2772209B00A7CFCF /* Model */,
				233E1EAE27721D5000A7CFCF /* ViewModel */,
				233E1EAD27721D3E00A7CFCF /* View */,
				233E1EA327721D2700A7CFCF /* Assets.xcassets */,
				233E1EA527721D2700A7CFCF /* Preview Content */,
			);
			path = VideoApp;
			sourceTree = "<group>";
		};
		233E1EA527721D2700A7CFCF /* Preview Content */ = {
			isa = PBXGroup;
			children = (
				233E1EA627721D2700A7CFCF /* Preview Assets.xcassets */,
			);
			path = "Preview Content";
			sourceTree = "<group>";
		};
		233E1EAD27721D3E00A7CFCF /* View */ = {
			isa = PBXGroup;
			children = (
				233E1EA127721D2600A7CFCF /* LibraryView.swift */,
				233E1EB427722E1600A7CFCF /* VideoView.swift */,
			);
			path = View;
			sourceTree = "<group>";
		};
		233E1EAE27721D5000A7CFCF /* ViewModel */ = {
			isa = PBXGroup;
			children = (
				233E1EB22772222B00A7CFCF /* VideoModel.swift */,
			);
			path = ViewModel;
			sourceTree = "<group>";
		};
		233E1EAF2772209B00A7CFCF /* Model */ = {
			isa = PBXGroup;
			children = (
				233E1EB0277221C800A7CFCF /* Video.swift */,
			);
			path = Model;
			sourceTree = "<group>";
		};
		233E1EB627722FCE00A7CFCF /* Frameworks */ = {
			isa = PBXGroup;
			children = (
				233E1EB727722FCE00A7CFCF /* AVKit.framework */,
			);
			name = Frameworks;
			sourceTree = "<group>";
		};
/* End PBXGroup section */

/* Begin PBXNativeTarget section */
		233E1E9B27721D2600A7CFCF /* VideoApp */ = {
			isa = PBXNativeTarget;
			buildConfigurationList = 233E1EAA27721D2700A7CFCF /* Build configuration list for PBXNativeTarget "VideoApp" */;
			buildPhases = (
				233E1E9827721D2600A7CFCF /* Sources */,
				233E1E9927721D2600A7CFCF /* Frameworks */,
				233E1E9A27721D2600A7CFCF /* Resources */,
			);
			buildRules = (
			);
			dependencies = (
			);
			name = VideoApp;
			productName = VideoApp;
			productReference = 233E1E9C27721D2600A7CFCF /* VideoApp.app */;
			productType = "com.apple.product-type.application";
		};
/* End PBXNativeTarget section */

/* Begin PBXProject section */
		233E1E9427721D2500A7CFCF /* Project object */ = {
			isa = PBXProject;
			attributes = {
				BuildIndependentTargetsInParallel = 1;
				LastSwiftUpdateCheck = 1310;
				LastUpgradeCheck = 1310;
				TargetAttributes = {
					233E1E9B27721D2600A7CFCF = {
						CreatedOnToolsVersion = 13.1;
					};
				};
			};
			buildConfigurationList = 233E1E9727721D2500A7CFCF /* Build configuration list for PBXProject "VideoApp" */;
			compatibilityVersion = "Xcode 13.0";
			developmentRegion = en;
			hasScannedForEncodings = 0;
			knownRegions = (
				en,
				Base,
			);
			mainGroup = 233E1E9327721D2500A7CFCF;
			productRefGroup = 233E1E9D27721D2600A7CFCF /* Products */;
			projectDirPath = "";
			projectRoot = "";
			targets = (
				233E1E9B27721D2600A7CFCF /* VideoApp */,
			);
		};
/* End PBXProject section */

/* Begin PBXResourcesBuildPhase section */
		233E1E9A27721D2600A7CFCF /* Resources */ = {
			isa = PBXResourcesBuildPhase;
			buildActionMask = 2147483647;
			files = (
				233E1EA727721D2700A7CFCF /* Preview Assets.xcassets in Resources */,
				233E1EA427721D2700A7CFCF /* Assets.xcassets in Resources */,
			);
			runOnlyForDeploymentPostprocessing = 0;
		};
/* End PBXResourcesBuildPhase section */

/* Begin PBXSourcesBuildPhase section */
		233E1E9827721D2600A7CFCF /* Sources */ = {
			isa = PBXSourcesBuildPhase;
			buildActionMask = 2147483647;
			files = (
				233E1EA227721D2600A7CFCF /* LibraryView.swift in Sources */,
				233E1EB527722E1600A7CFCF /* VideoView.swift in Sources */,
				233E1EB1277221C800A7CFCF /* Video.swift in Sources */,
				233E1EA027721D2600A7CFCF /* VideoApp.swift in Sources */,
				233E1EB32772222B00A7CFCF /* VideoModel.swift in Sources */,
			);
			runOnlyForDeploymentPostprocessing = 0;
		};
/* End PBXSourcesBuildPhase section */

/* Begin XCBuildConfiguration section */
		233E1EA827721D2700A7CFCF /* Debug */ = {
			isa = XCBuildConfiguration;
			buildSettings = {
				ALWAYS_SEARCH_USER_PATHS = NO;
				CLANG_ANALYZER_NONNULL = YES;
				CLANG_ANALYZER_NUMBER_OBJECT_CONVERSION = YES_AGGRESSIVE;
				CLANG_CXX_LANGUAGE_STANDARD = "gnu++17";
				CLANG_CXX_LIBRARY = "libc++";
				CLANG_ENABLE_MODULES = YES;
				CLANG_ENABLE_OBJC_ARC = YES;
				CLANG_ENABLE_OBJC_WEAK = YES;
				CLANG_WARN_BLOCK_CAPTURE_AUTORELEASING = YES;
				CLANG_WARN_BOOL_CONVERSION = YES;
				CLANG_WARN_COMMA = YES;
				CLANG_WARN_CONSTANT_CONVERSION = YES;
				CLANG_WARN_DEPRECATED_OBJC_IMPLEMENTATIONS = YES;
				CLANG_WARN_DIRECT_OBJC_ISA_USAGE = YES_ERROR;
				CLANG_WARN_DOCUMENTATION_COMMENTS = YES;
				CLANG_WARN_EMPTY_BODY = YES;
				CLANG_WARN_ENUM_CONVERSION = YES;
				CLANG_WARN_INFINITE_RECURSION = YES;
				CLANG_WARN_INT_CONVERSION = YES;
				CLANG_WARN_NON_LITERAL_NULL_CONVERSION = YES;
				CLANG_WARN_OBJC_IMPLICIT_RETAIN_SELF = YES;
				CLANG_WARN_OBJC_LITERAL_CONVERSION = YES;
				CLANG_WARN_OBJC_ROOT_CLASS = YES_ERROR;
				CLANG_WARN_QUOTED_INCLUDE_IN_FRAMEWORK_HEADER = YES;
				CLANG_WARN_RANGE_LOOP_ANALYSIS = YES;
				CLANG_WARN_STRICT_PROTOTYPES = YES;
				CLANG_WARN_SUSPICIOUS_MOVE = YES;
				CLANG_WARN_UNGUARDED_AVAILABILITY = YES_AGGRESSIVE;
				CLANG_WARN_UNREACHABLE_CODE = YES;
				CLANG_WARN__DUPLICATE_METHOD_MATCH = YES;
				COPY_PHASE_STRIP = NO;
				DEBUG_INFORMATION_FORMAT = dwarf;
				ENABLE_STRICT_OBJC_MSGSEND = YES;
				ENABLE_TESTABILITY = YES;
				GCC_C_LANGUAGE_STANDARD = gnu11;
				GCC_DYNAMIC_NO_PIC = NO;
				GCC_NO_COMMON_BLOCKS = YES;
				GCC_OPTIMIZATION_LEVEL = 0;
				GCC_PREPROCESSOR_DEFINITIONS = (
					"DEBUG=1",
					"$(inherited)",
				);
				GCC_WARN_64_TO_32_BIT_CONVERSION = YES;
				GCC_WARN_ABOUT_RETURN_TYPE = YES_ERROR;
				GCC_WARN_UNDECLARED_SELECTOR = YES;
				GCC_WARN_UNINITIALIZED_AUTOS = YES_AGGRESSIVE;
				GCC_WARN_UNUSED_FUNCTION = YES;
				GCC_WARN_UNUSED_VARIABLE = YES;
				IPHONEOS_DEPLOYMENT_TARGET = 15.0;
				MTL_ENABLE_DEBUG_INFO = INCLUDE_SOURCE;
				MTL_FAST_MATH = YES;
				ONLY_ACTIVE_ARCH = YES;
				SDKROOT = iphoneos;
				SWIFT_ACTIVE_COMPILATION_CONDITIONS = DEBUG;
				SWIFT_OPTIMIZATION_LEVEL = "-Onone";
			};
			name = Debug;
		};
		233E1EA927721D2700A7CFCF /* Release */ = {
			isa = XCBuildConfiguration;
			buildSettings = {
				ALWAYS_SEARCH_USER_PATHS = NO;
				CLANG_ANALYZER_NONNULL = YES;
				CLANG_ANALYZER_NUMBER_OBJECT_CONVERSION = YES_AGGRESSIVE;
				CLANG_CXX_LANGUAGE_STANDARD = "gnu++17";
				CLANG_CXX_LIBRARY = "libc++";
				CLANG_ENABLE_MODULES = YES;
				CLANG_ENABLE_OBJC_ARC = YES;
				CLANG_ENABLE_OBJC_WEAK = YES;
				CLANG_WARN_BLOCK_CAPTURE_AUTORELEASING = YES;
				CLANG_WARN_BOOL_CONVERSION = YES;
				CLANG_WARN_COMMA = YES;
				CLANG_WARN_CONSTANT_CONVERSION = YES;
				CLANG_WARN_DEPRECATED_OBJC_IMPLEMENTATIONS = YES;
				CLANG_WARN_DIRECT_OBJC_ISA_USAGE = YES_ERROR;
				CLANG_WARN_DOCUMENTATION_COMMENTS = YES;
				CLANG_WARN_EMPTY_BODY = YES;
				CLANG_WARN_ENUM_CONVERSION = YES;
				CLANG_WARN_INFINITE_RECURSION = YES;
				CLANG_WARN_INT_CONVERSION = YES;
				CLANG_WARN_NON_LITERAL_NULL_CONVERSION = YES;
				CLANG_WARN_OBJC_IMPLICIT_RETAIN_SELF = YES;
				CLANG_WARN_OBJC_LITERAL_CONVERSION = YES;
				CLANG_WARN_OBJC_ROOT_CLASS = YES_ERROR;
				CLANG_WARN_QUOTED_INCLUDE_IN_FRAMEWORK_HEADER = YES;
				CLANG_WARN_RANGE_LOOP_ANALYSIS = YES;
				CLANG_WARN_STRICT_PROTOTYPES = YES;
				CLANG_WARN_SUSPICIOUS_MOVE = YES;
				CLANG_WARN_UNGUARDED_AVAILABILITY = YES_AGGRESSIVE;
				CLANG_WARN_UNREACHABLE_CODE = YES;
				CLANG_WARN__DUPLICATE_METHOD_MATCH = YES;
				COPY_PHASE_STRIP = NO;
				DEBUG_INFORMATION_FORMAT = "dwarf-with-dsym";
				ENABLE_NS_ASSERTIONS = NO;
				ENABLE_STRICT_OBJC_MSGSEND = YES;
				GCC_C_LANGUAGE_STANDARD = gnu11;
				GCC_NO_COMMON_BLOCKS = YES;
				GCC_WARN_64_TO_32_BIT_CONVERSION = YES;
				GCC_WARN_ABOUT_RETURN_TYPE = YES_ERROR;
				GCC_WARN_UNDECLARED_SELECTOR = YES;
				GCC_WARN_UNINITIALIZED_AUTOS = YES_AGGRESSIVE;
				GCC_WARN_UNUSED_FUNCTION = YES;
				GCC_WARN_UNUSED_VARIABLE = YES;
				IPHONEOS_DEPLOYMENT_TARGET = 15.0;
				MTL_ENABLE_DEBUG_INFO = NO;
				MTL_FAST_MATH = YES;
				SDKROOT = iphoneos;
				SWIFT_COMPILATION_MODE = wholemodule;
				SWIFT_OPTIMIZATION_LEVEL = "-O";
				VALIDATE_PRODUCT = YES;
			};
			name = Release;
		};
		233E1EAB27721D2700A7CFCF /* Debug */ = {
			isa = XCBuildConfiguration;
			buildSettings = {
				ASSETCATALOG_COMPILER_APPICON_NAME = AppIcon;
				ASSETCATALOG_COMPILER_GLOBAL_ACCENT_COLOR_NAME = AccentColor;
				CODE_SIGN_STYLE = Automatic;
				CURRENT_PROJECT_VERSION = 1;
				DEVELOPMENT_ASSET_PATHS = "\"VideoApp/Preview Content\"";
				DEVELOPMENT_TEAM = 73H3V93C3K;
				ENABLE_PREVIEWS = YES;
				GENERATE_INFOPLIST_FILE = YES;
				INFOPLIST_KEY_UIApplicationSceneManifest_Generation = YES;
				INFOPLIST_KEY_UIApplicationSupportsIndirectInputEvents = YES;
				INFOPLIST_KEY_UILaunchScreen_Generation = YES;
				INFOPLIST_KEY_UISupportedInterfaceOrientations_iPad = "UIInterfaceOrientationPortrait UIInterfaceOrientationPortraitUpsideDown UIInterfaceOrientationLandscapeLeft UIInterfaceOrientationLandscapeRight";
				INFOPLIST_KEY_UISupportedInterfaceOrientations_iPhone = "UIInterfaceOrientationPortrait UIInterfaceOrientationLandscapeLeft UIInterfaceOrientationLandscapeRight";
				LD_RUNPATH_SEARCH_PATHS = (
					"$(inherited)",
					"@executable_path/Frameworks",
				);
				MARKETING_VERSION = 1.0;
				PRODUCT_BUNDLE_IDENTIFIER = learningswift.VideoApp;
				PRODUCT_NAME = "$(TARGET_NAME)";
				SWIFT_EMIT_LOC_STRINGS = YES;
				SWIFT_VERSION = 5.0;
				TARGETED_DEVICE_FAMILY = "1,2";
			};
			name = Debug;
		};
		233E1EAC27721D2700A7CFCF /* Release */ = {
			isa = XCBuildConfiguration;
			buildSettings = {
				ASSETCATALOG_COMPILER_APPICON_NAME = AppIcon;
				ASSETCATALOG_COMPILER_GLOBAL_ACCENT_COLOR_NAME = AccentColor;
				CODE_SIGN_STYLE = Automatic;
				CURRENT_PROJECT_VERSION = 1;
				DEVELOPMENT_ASSET_PATHS = "\"VideoApp/Preview Content\"";
				DEVELOPMENT_TEAM = 73H3V93C3K;
				ENABLE_PREVIEWS = YES;
				GENERATE_INFOPLIST_FILE = YES;
				INFOPLIST_KEY_UIApplicationSceneManifest_Generation = YES;
				INFOPLIST_KEY_UIApplicationSupportsIndirectInputEvents = YES;
				INFOPLIST_KEY_UILaunchScreen_Generation = YES;
				INFOPLIST_KEY_UISupportedInterfaceOrientations_iPad = "UIInterfaceOrientationPortrait UIInterfaceOrientationPortraitUpsideDown UIInterfaceOrientationLandscapeLeft UIInterfaceOrientationLandscapeRight";
				INFOPLIST_KEY_UISupportedInterfaceOrientations_iPhone = "UIInterfaceOrientationPortrait UIInterfaceOrientationLandscapeLeft UIInterfaceOrientationLandscapeRight";
				LD_RUNPATH_SEARCH_PATHS = (
					"$(inherited)",
					"@executable_path/Frameworks",
				);
				MARKETING_VERSION = 1.0;
				PRODUCT_BUNDLE_IDENTIFIER = learningswift.VideoApp;
				PRODUCT_NAME = "$(TARGET_NAME)";
				SWIFT_EMIT_LOC_STRINGS = YES;
				SWIFT_VERSION = 5.0;
				TARGETED_DEVICE_FAMILY = "1,2";
			};
			name = Release;
		};
/* End XCBuildConfiguration section */

/* Begin XCConfigurationList section */
		233E1E9727721D2500A7CFCF /* Build configuration list for PBXProject "VideoApp" */ = {
			isa = XCConfigurationList;
			buildConfigurations = (
				233E1EA827721D2700A7CFCF /* Debug */,
				233E1EA927721D2700A7CFCF /* Release */,
			);
			defaultConfigurationIsVisible = 0;
			defaultConfigurationName = Release;
		};
		233E1EAA27721D2700A7CFCF /* Build configuration list for PBXNativeTarget "VideoApp" */ = {
			isa = XCConfigurationList;
			buildConfigurations = (
				233E1EAB27721D2700A7CFCF /* Debug */,
				233E1EAC27721D2700A7CFCF /* Release */,
			);
			defaultConfigurationIsVisible = 0;
			defaultConfigurationName = Release;
		};
/* End XCConfigurationList section */
	};
	rootObject = 233E1E9427721D2500A7CFCF /* Project object */;
}
